{
  "name": "pr-agent",
  "lockfileVersion": 3,
  "requires": true,
  "packages": {
    "": {
      "dependencies": {
        "smee-client": "^2.0.1"
      }
    },
    "node_modules/commander": {
      "version": "12.1.0",
      "resolved": "https://registry.npmjs.org/commander/-/commander-12.1.0.tgz",
      "integrity": "sha512-Vw8qHK3bZM9y/P10u3Vib8o/DdkvA2OtPtZvD871QKjy74Wj1WSKFILMPRPSdUSx5RFK1arlJzEtA4PkFgnbuA==",
      "engines": {
        "node": ">=18"
      }
    },
    "node_modules/eventsource": {
      "version": "2.0.2",
      "resolved": "https://registry.npmjs.org/eventsource/-/eventsource-2.0.2.tgz",
      "integrity": "sha512-IzUmBGPR3+oUG9dUeXynyNmf91/3zUSJg1lCktzKw47OXuhco54U3r9B7O4XX+Rb1Itm9OZ2b0RkTs10bICOxA==",
      "engines": {
        "node": ">=12.0.0"
      }
    },
    "node_modules/smee-client": {
      "version": "2.0.1",
      "resolved": "https://registry.npmjs.org/smee-client/-/smee-client-2.0.1.tgz",
      "integrity": "sha512-s2+eG9vNMWQQvu8Jz+SfAiihpYsmaMtcyPnHtBuZEhaAAQOQV63xSSL9StWv2p08xKgvSC8pEZ28rXoy41FhLg==",
      "dependencies": {
        "commander": "^12.0.0",
        "eventsource": "^2.0.2",
        "validator": "^13.11.0"
      },
      "bin": {
        "smee": "bin/smee.js"
      }
    },
    "node_modules/validator": {
      "version": "13.12.0",
      "resolved": "https://registry.npmjs.org/validator/-/validator-13.12.0.tgz",
      "integrity": "sha512-c1Q0mCiPlgdTVVVIJIrBuxNicYE+t/7oKeI9MWLj3fh/uq2Pxh/3eeWbVZ4OcGW1TUf53At0njHw5SMdA3tmMg==",
      "engines": {
        "node": ">= 0.10"
      }
    }
  }
}
